
Microsoft Visual Studio Solution File, Format Version 12.00
# Visual Studio Version 16
VisualStudioVersion = 16.0.33328.57
MinimumVisualStudioVersion = 10.0.40219.1
Project("{FAE04EC0-301F-11D3-BF4B-00C04F79EFBC}") = "ShipwrightTools", "ShipwrightTools.csproj", "{157CD328-055C-4CB3-9802-0B6606F5E10C}"
EndProject
Global
	GlobalSection(SolutionConfigurationPlatforms) = preSolution
		Debug|Any CPU = Debug|Any CPU
		Debug|x64 = Debug|x64
		Release|Any CPU = Release|Any CPU
		Release|x64 = Release|x64
	EndGlobalSection
	GlobalSection(ProjectConfigurationPlatforms) = postSolution
		{157CD328-055C-4CB3-9802-0B6606F5E10C}.Debug|Any CPU.ActiveCfg = Debug|Any CPU
		{157CD328-055C-4CB3-9802-0B6606F5E10C}.Debug|Any CPU.Build.0 = Debug|Any CPU
		{157CD328-055C-4CB3-9802-0B6606F5E10C}.Debug|x64.ActiveCfg = Debug|x64
		{157CD328-055C-4CB3-9802-0B6606F5E10C}.Debug|x64.Build.0 = Debug|x64
		{157CD328-055C-4CB3-9802-0B6606F5E10C}.Release|Any CPU.ActiveCfg = Release|Any CPU
		{157CD328-055C-4CB3-9802-0B6606F5E10C}.Release|Any CPU.Build.0 = Release|Any CPU
		{157CD328-055C-4CB3-9802-0B6606F5E10C}.Release|x64.ActiveCfg = Release|x64
		{157CD328-055C-4CB3-9802-0B6606F5E10C}.Release|x64.Build.0 = Release|x64
	EndGlobalSection
	GlobalSection(SolutionProperties) = preSolution
		HideSolutionNode = FALSE
	EndGlobalSection
	GlobalSection(ExtensibilityGlobals) = postSolution
		SolutionGuid = {D07946DF-0256-42C5-A8CB-D8C0A552EA26}
	EndGlobalSection
EndGlobal
